// !$*UTF8*$!
{
	archiveVersion = 1;
	classes = {
	};
	objectVersion = 46;
	objects = {

/* Begin PBXBuildFile section */
		42DA1EB91E840F0B005FADFD /* AppDelegate.swift in Sources */ = {isa = PBXBuildFile; fileRef = 42DA1EB81E840F0B005FADFD /* AppDelegate.swift */; };
		42DA1EBD1E840F0B005FADFD /* Assets.xcassets in Resources */ = {isa = PBXBuildFile; fileRef = 42DA1EBC1E840F0B005FADFD /* Assets.xcassets */; };
		42DA1EC01E840F0B005FADFD /* Main.storyboard in Resources */ = {isa = PBXBuildFile; fileRef = 42DA1EBE1E840F0B005FADFD /* Main.storyboard */; };
		42DA1ECB1E840F0C005FADFD /* GifCameraTests.swift in Sources */ = {isa = PBXBuildFile; fileRef = 42DA1ECA1E840F0C005FADFD /* GifCameraTests.swift */; };
		42DA1ED61E840F0C005FADFD /* GifCameraUITests.swift in Sources */ = {isa = PBXBuildFile; fileRef = 42DA1ED51E840F0C005FADFD /* GifCameraUITests.swift */; };
		42DA1EE41E8412F2005FADFD /* PreviewView.swift in Sources */ = {isa = PBXBuildFile; fileRef = 42DA1EE31E8412F2005FADFD /* PreviewView.swift */; };
		42DA1EE61E8414C1005FADFD /* WindowController.swift in Sources */ = {isa = PBXBuildFile; fileRef = 42DA1EE51E8414C1005FADFD /* WindowController.swift */; };
		42DA1EEA1E841F5F005FADFD /* ViewController.swift in Sources */ = {isa = PBXBuildFile; fileRef = 42DA1EE91E841F5F005FADFD /* ViewController.swift */; };
/* End PBXBuildFile section */

/* Begin PBXContainerItemProxy section */
		42DA1EC71E840F0C005FADFD /* PBXContainerItemProxy */ = {
			isa = PBXContainerItemProxy;
			containerPortal = 42DA1EAD1E840F0B005FADFD /* Project object */;
			proxyType = 1;
			remoteGlobalIDString = 42DA1EB41E840F0B005FADFD;
			remoteInfo = GifCamera;
		};
		42DA1ED21E840F0C005FADFD /* PBXContainerItemProxy */ = {
			isa = PBXContainerItemProxy;
			containerPortal = 42DA1EAD1E840F0B005FADFD /* Project object */;
			proxyType = 1;
			remoteGlobalIDString = 42DA1EB41E840F0B005FADFD;
			remoteInfo = GifCamera;
		};
/* End PBXContainerItemProxy section */

/* Begin PBXFileReference section */
		42DA1EB51E840F0B005FADFD /* GifCamera.app */ = {isa = PBXFileReference; explicitFileType = wrapper.application; includeInIndex = 0; path = GifCamera.app; sourceTree = BUILT_PRODUCTS_DIR; };
		42DA1EB81E840F0B005FADFD /* AppDelegate.swift */ = {isa = PBXFileReference; lastKnownFileType = sourcecode.swift; path = AppDelegate.swift; sourceTree = "<group>"; };
		42DA1EBC1E840F0B005FADFD /* Assets.xcassets */ = {isa = PBXFileReference; lastKnownFileType = folder.assetcatalog; path = Assets.xcassets; sourceTree = "<group>"; };
		42DA1EBF1E840F0B005FADFD /* Base */ = {isa = PBXFileReference; lastKnownFileType = file.storyboard; name = Base; path = Base.lproj/Main.storyboard; sourceTree = "<group>"; };
		42DA1EC11E840F0B005FADFD /* Info.plist */ = {isa = PBXFileReference; lastKnownFileType = text.plist.xml; path = Info.plist; sourceTree = "<group>"; };
		42DA1EC61E840F0C005FADFD /* GifCameraTests.xctest */ = {isa = PBXFileReference; explicitFileType = wrapper.cfbundle; includeInIndex = 0; path = GifCameraTests.xctest; sourceTree = BUILT_PRODUCTS_DIR; };
		42DA1ECA1E840F0C005FADFD /* GifCameraTests.swift */ = {isa = PBXFileReference; lastKnownFileType = sourcecode.swift; path = GifCameraTests.swift; sourceTree = "<group>"; };
		42DA1ECC1E840F0C005FADFD /* Info.plist */ = {isa = PBXFileReference; lastKnownFileType = text.plist.xml; path = Info.plist; sourceTree = "<group>"; };
		42DA1ED11E840F0C005FADFD /* GifCameraUITests.xctest */ = {isa = PBXFileReference; explicitFileType = wrapper.cfbundle; includeInIndex = 0; path = GifCameraUITests.xctest; sourceTree = BUILT_PRODUCTS_DIR; };
		42DA1ED51E840F0C005FADFD /* GifCameraUITests.swift */ = {isa = PBXFileReference; lastKnownFileType = sourcecode.swift; path = GifCameraUITests.swift; sourceTree = "<group>"; };
		42DA1ED71E840F0C005FADFD /* Info.plist */ = {isa = PBXFileReference; lastKnownFileType = text.plist.xml; path = Info.plist; sourceTree = "<group>"; };
		42DA1EE31E8412F2005FADFD /* PreviewView.swift */ = {isa = PBXFileReference; fileEncoding = 4; lastKnownFileType = sourcecode.swift; path = PreviewView.swift; sourceTree = "<group>"; };
		42DA1EE51E8414C1005FADFD /* WindowController.swift */ = {isa = PBXFileReference; fileEncoding = 4; lastKnownFileType = sourcecode.swift; path = WindowController.swift; sourceTree = "<group>"; };
		42DA1EE91E841F5F005FADFD /* ViewController.swift */ = {isa = PBXFileReference; fileEncoding = 4; lastKnownFileType = sourcecode.swift; path = ViewController.swift; sourceTree = "<group>"; };
/* End PBXFileReference section */

/* Begin PBXFrameworksBuildPhase section */
		42DA1EB21E840F0B005FADFD /* Frameworks */ = {
			isa = PBXFrameworksBuildPhase;
			buildActionMask = 2147483647;
			files = (
			);
			runOnlyForDeploymentPostprocessing = 0;
		};
		42DA1EC31E840F0C005FADFD /* Frameworks */ = {
			isa = PBXFrameworksBuildPhase;
			buildActionMask = 2147483647;
			files = (
			);
			runOnlyForDeploymentPostprocessing = 0;
		};
		42DA1ECE1E840F0C005FADFD /* Frameworks */ = {
			isa = PBXFrameworksBuildPhase;
			buildActionMask = 2147483647;
			files = (
			);
			runOnlyForDeploymentPostprocessing = 0;
		};
/* End PBXFrameworksBuildPhase section */

/* Begin PBXGroup section */
		42DA1EAC1E840F0B005FADFD = {
			isa = PBXGroup;
			children = (
				42DA1EB71E840F0B005FADFD /* GifCamera */,
				42DA1EC91E840F0C005FADFD /* GifCameraTests */,
				42DA1ED41E840F0C005FADFD /* GifCameraUITests */,
				42DA1EB61E840F0B005FADFD /* Products */,
			);
			sourceTree = "<group>";
		};
		42DA1EB61E840F0B005FADFD /* Products */ = {
			isa = PBXGroup;
			children = (
				42DA1EB51E840F0B005FADFD /* GifCamera.app */,
				42DA1EC61E840F0C005FADFD /* GifCameraTests.xctest */,
				42DA1ED11E840F0C005FADFD /* GifCameraUITests.xctest */,
			);
			name = Products;
			sourceTree = "<group>";
		};
		42DA1EB71E840F0B005FADFD /* GifCamera */ = {
			isa = PBXGroup;
			children = (
				42DA1EB81E840F0B005FADFD /* AppDelegate.swift */,
				42DA1EBC1E840F0B005FADFD /* Assets.xcassets */,
				42DA1EBE1E840F0B005FADFD /* Main.storyboard */,
				42DA1EC11E840F0B005FADFD /* Info.plist */,
				42DA1EE51E8414C1005FADFD /* WindowController.swift */,
				42DA1EE91E841F5F005FADFD /* ViewController.swift */,
				42DA1EE31E8412F2005FADFD /* PreviewView.swift */,
			);
			path = GifCamera;
			sourceTree = "<group>";
		};
		42DA1EC91E840F0C005FADFD /* GifCameraTests */ = {
			isa = PBXGroup;
			children = (
				42DA1ECA1E840F0C005FADFD /* GifCameraTests.swift */,
				42DA1ECC1E840F0C005FADFD /* Info.plist */,
			);
			path = GifCameraTests;
			sourceTree = "<group>";
		};
		42DA1ED41E840F0C005FADFD /* GifCameraUITests */ = {
			isa = PBXGroup;
			children = (
				42DA1ED51E840F0C005FADFD /* GifCameraUITests.swift */,
				42DA1ED71E840F0C005FADFD /* Info.plist */,
			);
			path = GifCameraUITests;
			sourceTree = "<group>";
		};
/* End PBXGroup section */

/* Begin PBXNativeTarget section */
		42DA1EB41E840F0B005FADFD /* GifCamera */ = {
			isa = PBXNativeTarget;
			buildConfigurationList = 42DA1EDA1E840F0C005FADFD /* Build configuration list for PBXNativeTarget "GifCamera" */;
			buildPhases = (
				42DA1EB11E840F0B005FADFD /* Sources */,
				42DA1EB21E840F0B005FADFD /* Frameworks */,
				42DA1EB31E840F0B005FADFD /* Resources */,
			);
			buildRules = (
			);
			dependencies = (
			);
			name = GifCamera;
			productName = GifCamera;
			productReference = 42DA1EB51E840F0B005FADFD /* GifCamera.app */;
			productType = "com.apple.product-type.application";
		};
		42DA1EC51E840F0C005FADFD /* GifCameraTests */ = {
			isa = PBXNativeTarget;
			buildConfigurationList = 42DA1EDD1E840F0C005FADFD /* Build configuration list for PBXNativeTarget "GifCameraTests" */;
			buildPhases = (
				42DA1EC21E840F0C005FADFD /* Sources */,
				42DA1EC31E840F0C005FADFD /* Frameworks */,
				42DA1EC41E840F0C005FADFD /* Resources */,
			);
			buildRules = (
			);
			dependencies = (
				42DA1EC81E840F0C005FADFD /* PBXTargetDependency */,
			);
			name = GifCameraTests;
			productName = GifCameraTests;
			productReference = 42DA1EC61E840F0C005FADFD /* GifCameraTests.xctest */;
			productType = "com.apple.product-type.bundle.unit-test";
		};
		42DA1ED01E840F0C005FADFD /* GifCameraUITests */ = {
			isa = PBXNativeTarget;
			buildConfigurationList = 42DA1EE01E840F0C005FADFD /* Build configuration list for PBXNativeTarget "GifCameraUITests" */;
			buildPhases = (
				42DA1ECD1E840F0C005FADFD /* Sources */,
				42DA1ECE1E840F0C005FADFD /* Frameworks */,
				42DA1ECF1E840F0C005FADFD /* Resources */,
			);
			buildRules = (
			);
			dependencies = (
				42DA1ED31E840F0C005FADFD /* PBXTargetDependency */,
			);
			name = GifCameraUITests;
			productName = GifCameraUITests;
			productReference = 42DA1ED11E840F0C005FADFD /* GifCameraUITests.xctest */;
			productType = "com.apple.product-type.bundle.ui-testing";
		};
/* End PBXNativeTarget section */

/* Begin PBXProject section */
		42DA1EAD1E840F0B005FADFD /* Project object */ = {
			isa = PBXProject;
			attributes = {
				LastSwiftUpdateCheck = 0820;
				LastUpgradeCheck = 0820;
				ORGANIZATIONNAME = "Michal Jach";
				TargetAttributes = {
					42DA1EB41E840F0B005FADFD = {
						CreatedOnToolsVersion = 8.2.1;
						ProvisioningStyle = Automatic;
					};
					42DA1EC51E840F0C005FADFD = {
						CreatedOnToolsVersion = 8.2.1;
						ProvisioningStyle = Automatic;
						TestTargetID = 42DA1EB41E840F0B005FADFD;
					};
					42DA1ED01E840F0C005FADFD = {
						CreatedOnToolsVersion = 8.2.1;
						ProvisioningStyle = Automatic;
						TestTargetID = 42DA1EB41E840F0B005FADFD;
					};
				};
			};
			buildConfigurationList = 42DA1EB01E840F0B005FADFD /* Build configuration list for PBXProject "GifCamera" */;
			compatibilityVersion = "Xcode 3.2";
			developmentRegion = English;
			hasScannedForEncodings = 0;
			knownRegions = (
				en,
				Base,
			);
			mainGroup = 42DA1EAC1E840F0B005FADFD;
			productRefGroup = 42DA1EB61E840F0B005FADFD /* Products */;
			projectDirPath = "";
			projectRoot = "";
			targets = (
				42DA1EB41E840F0B005FADFD /* GifCamera */,
				42DA1EC51E840F0C005FADFD /* GifCameraTests */,
				42DA1ED01E840F0C005FADFD /* GifCameraUITests */,
			);
		};
/* End PBXProject section */

/* Begin PBXResourcesBuildPhase section */
		42DA1EB31E840F0B005FADFD /* Resources */ = {
			isa = PBXResourcesBuildPhase;
			buildActionMask = 2147483647;
			files = (
				42DA1EBD1E840F0B005FADFD /* Assets.xcassets in Resources */,
				42DA1EC01E840F0B005FADFD /* Main.storyboard in Resources */,
			);
			runOnlyForDeploymentPostprocessing = 0;
		};
		42DA1EC41E840F0C005FADFD /* Resources */ = {
			isa = PBXResourcesBuildPhase;
			buildActionMask = 2147483647;
			files = (
			);
			runOnlyForDeploymentPostprocessing = 0;
		};
		42DA1ECF1E840F0C005FADFD /* Resources */ = {
			isa = PBXResourcesBuildPhase;
			buildActionMask = 2147483647;
			files = (
			);
			runOnlyForDeploymentPostprocessing = 0;
		};
/* End PBXResourcesBuildPhase section */

/* Begin PBXSourcesBuildPhase section */
		42DA1EB11E840F0B005FADFD /* Sources */ = {
			isa = PBXSourcesBuildPhase;
			buildActionMask = 2147483647;
			files = (
				42DA1EE61E8414C1005FADFD /* WindowController.swift in Sources */,
				42DA1EB91E840F0B005FADFD /* AppDelegate.swift in Sources */,
				42DA1EEA1E841F5F005FADFD /* ViewController.swift in Sources */,
				42DA1EE41E8412F2005FADFD /* PreviewView.swift in Sources */,
			);
			runOnlyForDeploymentPostprocessing = 0;
		};
		42DA1EC21E840F0C005FADFD /* Sources */ = {
			isa = PBXSourcesBuildPhase;
			buildActionMask = 2147483647;
			files = (
				42DA1ECB1E840F0C005FADFD /* GifCameraTests.swift in Sources */,
			);
			runOnlyForDeploymentPostprocessing = 0;
		};
		42DA1ECD1E840F0C005FADFD /* Sources */ = {
			isa = PBXSourcesBuildPhase;
			buildActionMask = 2147483647;
			files = (
				42DA1ED61E840F0C005FADFD /* GifCameraUITests.swift in Sources */,
			);
			runOnlyForDeploymentPostprocessing = 0;
		};
/* End PBXSourcesBuildPhase section */

/* Begin PBXTargetDependency section */
		42DA1EC81E840F0C005FADFD /* PBXTargetDependency */ = {
			isa = PBXTargetDependency;
			target = 42DA1EB41E840F0B005FADFD /* GifCamera */;
			targetProxy = 42DA1EC71E840F0C005FADFD /* PBXContainerItemProxy */;
		};
		42DA1ED31E840F0C005FADFD /* PBXTargetDependency */ = {
			isa = PBXTargetDependency;
			target = 42DA1EB41E840F0B005FADFD /* GifCamera */;
			targetProxy = 42DA1ED21E840F0C005FADFD /* PBXContainerItemProxy */;
		};
/* End PBXTargetDependency section */

/* Begin PBXVariantGroup section */
		42DA1EBE1E840F0B005FADFD /* Main.storyboard */ = {
			isa = PBXVariantGroup;
			children = (
				42DA1EBF1E840F0B005FADFD /* Base */,
			);
			name = Main.storyboard;
			sourceTree = "<group>";
		};
/* End PBXVariantGroup section */

/* Begin XCBuildConfiguration section */
		42DA1ED81E840F0C005FADFD /* Debug */ = {
			isa = XCBuildConfiguration;
			buildSettings = {
				ALWAYS_SEARCH_USER_PATHS = NO;
				CLANG_ANALYZER_NONNULL = YES;
				CLANG_CXX_LANGUAGE_STANDARD = "gnu++0x";
				CLANG_CXX_LIBRARY = "libc++";
				CLANG_ENABLE_MODULES = YES;
				CLANG_ENABLE_OBJC_ARC = YES;
				CLANG_WARN_BOOL_CONVERSION = YES;
				CLANG_WARN_CONSTANT_CONVERSION = YES;
				CLANG_WARN_DIRECT_OBJC_ISA_USAGE = YES_ERROR;
				CLANG_WARN_DOCUMENTATION_COMMENTS = YES;
				CLANG_WARN_EMPTY_BODY = YES;
				CLANG_WARN_ENUM_CONVERSION = YES;
				CLANG_WARN_INFINITE_RECURSION = YES;
				CLANG_WARN_INT_CONVERSION = YES;
				CLANG_WARN_OBJC_ROOT_CLASS = YES_ERROR;
				CLANG_WARN_SUSPICIOUS_MOVE = YES;
				CLANG_WARN_UNREACHABLE_CODE = YES;
				CLANG_WARN__DUPLICATE_METHOD_MATCH = YES;
				CODE_SIGN_IDENTITY = "-";
				COPY_PHASE_STRIP = NO;
				DEBUG_INFORMATION_FORMAT = dwarf;
				ENABLE_STRICT_OBJC_MSGSEND = YES;
				ENABLE_TESTABILITY = YES;
				GCC_C_LANGUAGE_STANDARD = gnu99;
				GCC_DYNAMIC_NO_PIC = NO;
				GCC_NO_COMMON_BLOCKS = YES;
				GCC_OPTIMIZATION_LEVEL = 0;
				GCC_PREPROCESSOR_DEFINITIONS = (
					"DEBUG=1",
					"$(inherited)",
				);
				GCC_WARN_64_TO_32_BIT_CONVERSION = YES;
				GCC_WARN_ABOUT_RETURN_TYPE = YES_ERROR;
				GCC_WARN_UNDECLARED_SELECTOR = YES;
				GCC_WARN_UNINITIALIZED_AUTOS = YES_AGGRESSIVE;
				GCC_WARN_UNUSED_FUNCTION = YES;
				GCC_WARN_UNUSED_VARIABLE = YES;
				MACOSX_DEPLOYMENT_TARGET = 10.12;
				MTL_ENABLE_DEBUG_INFO = YES;
				ONLY_ACTIVE_ARCH = YES;
				SDKROOT = macosx;
				SWIFT_ACTIVE_COMPILATION_CONDITIONS = DEBUG;
				SWIFT_OPTIMIZATION_LEVEL = "-Onone";
			};
			name = Debug;
		};
		42DA1ED91E840F0C005FADFD /* Release */ = {
			isa = XCBuildConfiguration;
			buildSettings = {
				ALWAYS_SEARCH_USER_PATHS = NO;
				CLANG_ANALYZER_NONNULL = YES;
				CLANG_CXX_LANGUAGE_STANDARD = "gnu++0x";
				CLANG_CXX_LIBRARY = "libc++";
				CLANG_ENABLE_MODULES = YES;
				CLANG_ENABLE_OBJC_ARC = YES;
				CLANG_WARN_BOOL_CONVERSION = YES;
				CLANG_WARN_CONSTANT_CONVERSION = YES;
				CLANG_WARN_DIRECT_OBJC_ISA_USAGE = YES_ERROR;
				CLANG_WARN_DOCUMENTATION_COMMENTS = YES;
				CLANG_WARN_EMPTY_BODY = YES;
				CLANG_WARN_ENUM_CONVERSION = YES;
				CLANG_WARN_INFINITE_RECURSION = YES;
				CLANG_WARN_INT_CONVERSION = YES;
				CLANG_WARN_OBJC_ROOT_CLASS = YES_ERROR;
				CLANG_WARN_SUSPICIOUS_MOVE = YES;
				CLANG_WARN_UNREACHABLE_CODE = YES;
				CLANG_WARN__DUPLICATE_METHOD_MATCH = YES;
				CODE_SIGN_IDENTITY = "-";
				COPY_PHASE_STRIP = NO;
				DEBUG_INFORMATION_FORMAT = "dwarf-with-dsym";
				ENABLE_NS_ASSERTIONS = NO;
				ENABLE_STRICT_OBJC_MSGSEND = YES;
				GCC_C_LANGUAGE_STANDARD = gnu99;
				GCC_NO_COMMON_BLOCKS = YES;
				GCC_WARN_64_TO_32_BIT_CONVERSION = YES;
				GCC_WARN_ABOUT_RETURN_TYPE = YES_ERROR;
				GCC_WARN_UNDECLARED_SELECTOR = YES;
				GCC_WARN_UNINITIALIZED_AUTOS = YES_AGGRESSIVE;
				GCC_WARN_UNUSED_FUNCTION = YES;
				GCC_WARN_UNUSED_VARIABLE = YES;
				MACOSX_DEPLOYMENT_TARGET = 10.12;
				MTL_ENABLE_DEBUG_INFO = NO;
				SDKROOT = macosx;
				SWIFT_OPTIMIZATION_LEVEL = "-Owholemodule";
			};
			name = Release;
		};
		42DA1EDB1E840F0C005FADFD /* Debug */ = {
			isa = XCBuildConfiguration;
			buildSettings = {
				ASSETCATALOG_COMPILER_APPICON_NAME = AppIcon;
				COMBINE_HIDPI_IMAGES = YES;
				INFOPLIST_FILE = GifCamera/Info.plist;
				LD_RUNPATH_SEARCH_PATHS = "$(inherited) @executable_path/../Frameworks";
				MACOSX_DEPLOYMENT_TARGET = 10.10;
				PRODUCT_BUNDLE_IDENTIFIER = mj.GifCamera;
				PRODUCT_NAME = "$(TARGET_NAME)";
				SWIFT_VERSION = 3.0;
			};
			name = Debug;
		};
		42DA1EDC1E840F0C005FADFD /* Release */ = {
			isa = XCBuildConfiguration;
			buildSettings = {
				ASSETCATALOG_COMPILER_APPICON_NAME = AppIcon;
				COMBINE_HIDPI_IMAGES = YES;
				INFOPLIST_FILE = GifCamera/Info.plist;
				LD_RUNPATH_SEARCH_PATHS = "$(inherited) @executable_path/../Frameworks";
				MACOSX_DEPLOYMENT_TARGET = 10.10;
				PRODUCT_BUNDLE_IDENTIFIER = mj.GifCamera;
				PRODUCT_NAME = "$(TARGET_NAME)";
				SWIFT_VERSION = 3.0;
			};
			name = Release;
		};
		42DA1EDE1E840F0C005FADFD /* Debug */ = {
			isa = XCBuildConfiguration;
			buildSettings = {
				ALWAYS_EMBED_SWIFT_STANDARD_LIBRARIES = YES;
				BUNDLE_LOADER = "$(TEST_HOST)";
				COMBINE_HIDPI_IMAGES = YES;
				INFOPLIST_FILE = GifCameraTests/Info.plist;
				LD_RUNPATH_SEARCH_PATHS = "$(inherited) @executable_path/../Frameworks @loader_path/../Frameworks";
				PRODUCT_BUNDLE_IDENTIFIER = mj.GifCameraTests;
				PRODUCT_NAME = "$(TARGET_NAME)";
				SWIFT_VERSION = 3.0;
				TEST_HOST = "$(BUILT_PRODUCTS_DIR)/GifCamera.app/Contents/MacOS/GifCamera";
			};
			name = Debug;
		};
		42DA1EDF1E840F0C005FADFD /* Release */ = {
			isa = XCBuildConfiguration;
			buildSettings = {
				ALWAYS_EMBED_SWIFT_STANDARD_LIBRARIES = YES;
				BUNDLE_LOADER = "$(TEST_HOST)";
				COMBINE_HIDPI_IMAGES = YES;
				INFOPLIST_FILE = GifCameraTests/Info.plist;
				LD_RUNPATH_SEARCH_PATHS = "$(inherited) @executable_path/../Frameworks @loader_path/../Frameworks";
				PRODUCT_BUNDLE_IDENTIFIER = mj.GifCameraTests;
				PRODUCT_NAME = "$(TARGET_NAME)";
				SWIFT_VERSION = 3.0;
				TEST_HOST = "$(BUILT_PRODUCTS_DIR)/GifCamera.app/Contents/MacOS/GifCamera";
			};
			name = Release;
		};
		42DA1EE11E840F0C005FADFD /* Debug */ = {
			isa = XCBuildConfiguration;
			buildSettings = {
				ALWAYS_EMBED_SWIFT_STANDARD_LIBRARIES = YES;
				COMBINE_HIDPI_IMAGES = YES;
				INFOPLIST_FILE = GifCameraUITests/Info.plist;
				LD_RUNPATH_SEARCH_PATHS = "$(inherited) @executable_path/../Frameworks @loader_path/../Frameworks";
				PRODUCT_BUNDLE_IDENTIFIER = mj.GifCameraUITests;
				PRODUCT_NAME = "$(TARGET_NAME)";
				SWIFT_VERSION = 3.0;
				TEST_TARGET_NAME = GifCamera;
			};
			name = Debug;
		};
		42DA1EE21E840F0C005FADFD /* Release */ = {
			isa = XCBuildConfiguration;
			buildSettings = {
				ALWAYS_EMBED_SWIFT_STANDARD_LIBRARIES = YES;
				COMBINE_HIDPI_IMAGES = YES;
				INFOPLIST_FILE = GifCameraUITests/Info.plist;
				LD_RUNPATH_SEARCH_PATHS = "$(inherited) @executable_path/../Frameworks @loader_path/../Frameworks";
				PRODUCT_BUNDLE_IDENTIFIER = mj.GifCameraUITests;
				PRODUCT_NAME = "$(TARGET_NAME)";
				SWIFT_VERSION = 3.0;
				TEST_TARGET_NAME = GifCamera;
			};
			name = Release;
		};
/* End XCBuildConfiguration section */

/* Begin XCConfigurationList section */
		42DA1EB01E840F0B005FADFD /* Build configuration list for PBXProject "GifCamera" */ = {
			isa = XCConfigurationList;
			buildConfigurations = (
				42DA1ED81E840F0C005FADFD /* Debug */,
				42DA1ED91E840F0C005FADFD /* Release */,
			);
			defaultConfigurationIsVisible = 0;
			defaultConfigurationName = Release;
		};
		42DA1EDA1E840F0C005FADFD /* Build configuration list for PBXNativeTarget "GifCamera" */ = {
			isa = XCConfigurationList;
			buildConfigurations = (
				42DA1EDB1E840F0C005FADFD /* Debug */,
				42DA1EDC1E840F0C005FADFD /* Release */,
			);
			defaultConfigurationIsVisible = 0;
			defaultConfigurationName = Release;
		};
		42DA1EDD1E840F0C005FADFD /* Build configuration list for PBXNativeTarget "GifCameraTests" */ = {
			isa = XCConfigurationList;
			buildConfigurations = (
				42DA1EDE1E840F0C005FADFD /* Debug */,
				42DA1EDF1E840F0C005FADFD /* Release */,
			);
			defaultConfigurationIsVisible = 0;
			defaultConfigurationName = Release;
		};
		42DA1EE01E840F0C005FADFD /* Build configuration list for PBXNativeTarget "GifCameraUITests" */ = {
			isa = XCConfigurationList;
			buildConfigurations = (
				42DA1EE11E840F0C005FADFD /* Debug */,
				42DA1EE21E840F0C005FADFD /* Release */,
			);
			defaultConfigurationIsVisible = 0;
			defaultConfigurationName = Release;
		};
/* End XCConfigurationList section */
	};
	rootObject = 42DA1EAD1E840F0B005FADFD /* Project object */;
}
